
Microsoft Visual Studio Solution File, Format Version 12.00
# Visual Studio Version 17
VisualStudioVersion = 17.2.32519.379
MinimumVisualStudioVersion = 10.0.40219.1
Project("{FAE04EC0-301F-11D3-BF4B-00C04F79EFBC}") = "Fibonacci", "Fibonacci\Fibonacci.csproj", "{80FCE271-AF75-40C2-9150-1AA97F8F73FD}"
EndProject
Global
	GlobalSection(SolutionConfigurationPlatforms) = preSolution
		Debug|Any CPU = Debug|Any CPU
		Release|Any CPU = Release|Any CPU
	EndGlobalSection
	GlobalSection(ProjectConfigurationPlatforms) = postSolution
		{80FCE271-AF75-40C2-9150-1AA97F8F73FD}.Debug|Any CPU.ActiveCfg = Debug|Any CPU
		{80FCE271-AF75-40C2-9150-1AA97F8F73FD}.Debug|Any CPU.Build.0 = Debug|Any CPU
		{80FCE271-AF75-40C2-9150-1AA97F8F73FD}.Release|Any CPU.ActiveCfg = Release|Any CPU
		{80FCE271-AF75-40C2-9150-1AA97F8F73FD}.Release|Any CPU.Build.0 = Release|Any CPU
	EndGlobalSection
	GlobalSection(SolutionProperties) = preSolution
		HideSolutionNode = FALSE
	EndGlobalSection
	GlobalSection(ExtensibilityGlobals) = postSolution
		SolutionGuid = {A1C78FFE-AFA7-4FE6-967B-F7A5D169A3A2}
	EndGlobalSection
EndGlobal
